<?xml version="1.0" encoding="utf-8"?>
<Project ToolsVersion="4.0" xmlns="http://schemas.microsoft.com/developer/msbuild/2003">
  <ItemGroup>
    <Filter Include="Source Files">
      <UniqueIdentifier>{4FC737F1-C7A5-4376-A066-2A32D752A2FF}</UniqueIdentifier>
      <Extensions>cpp;c;cc;cxx;def;odl;idl;hpj;bat;asm;asmx</Extensions>
    </Filter>
    <Filter Include="Header Files">
      <UniqueIdentifier>{93995380-89BD-4b04-88EB-625FBE52EBFB}</UniqueIdentifier>
      <Extensions>h;hh;hpp;hxx;hm;inl;inc;xsd</Extensions>
    </Filter>
    <Filter Include="Resource Files">
      <UniqueIdentifier>{67DA6AB6-F800-4c08-8B7A-83BB121AAD01}</UniqueIdentifier>
      <Extensions>rc;ico;cur;bmp;dlg;rc2;rct;bin;rgs;gif;jpg;jpeg;jpe;resx;tiff;tif;png;wav;mfcribbon-ms</Extensions>
    </Filter>
  </ItemGroup>
  <ItemGroup>
    <ClInclude Include="Capacitor.h">
      <Filter>Header Files</Filter>
    </ClInclude>
    <ClInclude Include="CircuitComponent.h">
      <Filter>Header Files</Filter>
    </ClInclude>
    <ClInclude Include="CircuitNode.h">
      <Filter>Header Files</Filter>
    </ClInclude>
    <ClInclude Include="CircuitObject.h">
      <Filter>Header Files</Filter>
    </ClInclude>
    <ClInclude Include="ComponentLibraryCreator.h">
      <Filter>Header Files</Filter>
    </ClInclude>
    <ClInclude Include="CustomComponent.h">
      <Filter>Header Files</Filter>
    </ClInclude>
    <ClInclude Include="DrawCircuit.h">
      <Filter>Header Files</Filter>
    </ClInclude>
    <ClInclude Include="DrawEmpty.h">
      <Filter>Header Files</Filter>
    </ClInclude>
    <ClInclude Include="GlobalConstants.h">
      <Filter>Header Files</Filter>
    </ClInclude>
    <ClInclude Include="Inductor.h">
      <Filter>Header Files</Filter>
    </ClInclude>
    <ClInclude Include="Options.h">
      <Filter>Header Files</Filter>
    </ClInclude>
    <ClInclude Include="Resistor.h">
      <Filter>Header Files</Filter>
    </ClInclude>
    <ClInclude Include="UserInputFunctions.h">
      <Filter>Header Files</Filter>
    </ClInclude>
  </ItemGroup>
  <ItemGroup>
    <ClCompile Include="Capacitor.cpp">
      <Filter>Source Files</Filter>
    </ClCompile>
    <ClCompile Include="CircuitComponent.cpp">
      <Filter>Source Files</Filter>
    </ClCompile>
    <ClCompile Include="CircuitNode.cpp">
      <Filter>Source Files</Filter>
    </ClCompile>
    <ClCompile Include="ComponentLibraryCreator.cpp">
      <Filter>Source Files</Filter>
    </ClCompile>
    <ClCompile Include="CustomComponent.cpp">
      <Filter>Source Files</Filter>
    </ClCompile>
    <ClCompile Include="DrawCircuit.cpp">
      <Filter>Source Files</Filter>
    </ClCompile>
    <ClCompile Include="DrawEmpty.cpp">
      <Filter>Source Files</Filter>
    </ClCompile>
    <ClCompile Include="Inductor.cpp">
      <Filter>Source Files</Filter>
    </ClCompile>
    <ClCompile Include="Main.cpp">
      <Filter>Source Files</Filter>
    </ClCompile>
    <ClCompile Include="Options.cpp">
      <Filter>Source Files</Filter>
    </ClCompile>
    <ClCompile Include="Resistor.cpp">
      <Filter>Source Files</Filter>
    </ClCompile>
    <ClCompile Include="UserInputFunctions.cpp">
      <Filter>Source Files</Filter>
    </ClCompile>
  </ItemGroup>
</Project>